
Microsoft Visual Studio Solution File, Format Version 12.00
# Visual Studio 15
VisualStudioVersion = 15.0.28307.136
MinimumVisualStudioVersion = 10.0.40219.1
Project("{FAE04EC0-301F-11D3-BF4B-00C04F79EFBC}") = "WinTree", "WinTree.csproj", "{CEBA01EC-06F2-4672-8470-091EC96E6F3A}"
EndProject
Project("{C7167F0D-BC9F-4E6E-AFE1-012C56B48DB5}") = "WinTreeAppPackage", "..\WinTreeAppPackage\WinTreeAppPackage.wapproj", "{73D8D8F0-CDB3-4962-A94F-E0FB0D337BE0}"
EndProject
Project("{FAE04EC0-301F-11D3-BF4B-00C04F79EFBC}") = "WinTreeWUP", "WinTreeWUP\WinTreeWUP.csproj", "{06428FB4-40FC-4E6D-AEDA-61038DE08B14}"
EndProject
Project("{FAE04EC0-301F-11D3-BF4B-00C04F79EFBC}") = "WinTreeRuntimeComponent", "WinTreeRuntimeComponent\WinTreeRuntimeComponent.csproj", "{040B68D5-50BD-4AA4-9B40-3C0238718E8C}"
EndProject
Global
	GlobalSection(SolutionConfigurationPlatforms) = preSolution
		Debug|Any CPU = Debug|Any CPU
		Debug|ARM = Debug|ARM
		Debug|ARM64 = Debug|ARM64
		Debug|x64 = Debug|x64
		Debug|x86 = Debug|x86
		Release|Any CPU = Release|Any CPU
		Release|ARM = Release|ARM
		Release|ARM64 = Release|ARM64
		Release|x64 = Release|x64
		Release|x86 = Release|x86
	EndGlobalSection
	GlobalSection(ProjectConfigurationPlatforms) = postSolution
		{CEBA01EC-06F2-4672-8470-091EC96E6F3A}.Debug|Any CPU.ActiveCfg = Debug|Any CPU
		{CEBA01EC-06F2-4672-8470-091EC96E6F3A}.Debug|Any CPU.Build.0 = Debug|Any CPU
		{CEBA01EC-06F2-4672-8470-091EC96E6F3A}.Debug|ARM.ActiveCfg = Debug|Any CPU
		{CEBA01EC-06F2-4672-8470-091EC96E6F3A}.Debug|ARM.Build.0 = Debug|Any CPU
		{CEBA01EC-06F2-4672-8470-091EC96E6F3A}.Debug|ARM64.ActiveCfg = Debug|Any CPU
		{CEBA01EC-06F2-4672-8470-091EC96E6F3A}.Debug|ARM64.Build.0 = Debug|Any CPU
		{CEBA01EC-06F2-4672-8470-091EC96E6F3A}.Debug|x64.ActiveCfg = Debug|Any CPU
		{CEBA01EC-06F2-4672-8470-091EC96E6F3A}.Debug|x64.Build.0 = Debug|Any CPU
		{CEBA01EC-06F2-4672-8470-091EC96E6F3A}.Debug|x86.ActiveCfg = Debug|Any CPU
		{CEBA01EC-06F2-4672-8470-091EC96E6F3A}.Debug|x86.Build.0 = Debug|Any CPU
		{CEBA01EC-06F2-4672-8470-091EC96E6F3A}.Release|Any CPU.ActiveCfg = Release|Any CPU
		{CEBA01EC-06F2-4672-8470-091EC96E6F3A}.Release|Any CPU.Build.0 = Release|Any CPU
		{CEBA01EC-06F2-4672-8470-091EC96E6F3A}.Release|ARM.ActiveCfg = Release|Any CPU
		{CEBA01EC-06F2-4672-8470-091EC96E6F3A}.Release|ARM.Build.0 = Release|Any CPU
		{CEBA01EC-06F2-4672-8470-091EC96E6F3A}.Release|ARM64.ActiveCfg = Release|Any CPU
		{CEBA01EC-06F2-4672-8470-091EC96E6F3A}.Release|ARM64.Build.0 = Release|Any CPU
		{CEBA01EC-06F2-4672-8470-091EC96E6F3A}.Release|x64.ActiveCfg = Release|Any CPU
		{CEBA01EC-06F2-4672-8470-091EC96E6F3A}.Release|x64.Build.0 = Release|Any CPU
		{CEBA01EC-06F2-4672-8470-091EC96E6F3A}.Release|x86.ActiveCfg = Release|Any CPU
		{CEBA01EC-06F2-4672-8470-091EC96E6F3A}.Release|x86.Build.0 = Release|Any CPU
		{73D8D8F0-CDB3-4962-A94F-E0FB0D337BE0}.Debug|Any CPU.ActiveCfg = Debug|Any CPU
		{73D8D8F0-CDB3-4962-A94F-E0FB0D337BE0}.Debug|Any CPU.Build.0 = Debug|Any CPU
		{73D8D8F0-CDB3-4962-A94F-E0FB0D337BE0}.Debug|Any CPU.Deploy.0 = Debug|Any CPU
		{73D8D8F0-CDB3-4962-A94F-E0FB0D337BE0}.Debug|ARM.ActiveCfg = Debug|Any CPU
		{73D8D8F0-CDB3-4962-A94F-E0FB0D337BE0}.Debug|ARM.Build.0 = Debug|Any CPU
		{73D8D8F0-CDB3-4962-A94F-E0FB0D337BE0}.Debug|ARM.Deploy.0 = Debug|Any CPU
		{73D8D8F0-CDB3-4962-A94F-E0FB0D337BE0}.Debug|ARM64.ActiveCfg = Debug|Any CPU
		{73D8D8F0-CDB3-4962-A94F-E0FB0D337BE0}.Debug|ARM64.Build.0 = Debug|Any CPU
		{73D8D8F0-CDB3-4962-A94F-E0FB0D337BE0}.Debug|ARM64.Deploy.0 = Debug|Any CPU
		{73D8D8F0-CDB3-4962-A94F-E0FB0D337BE0}.Debug|x64.ActiveCfg = Debug|x64
		{73D8D8F0-CDB3-4962-A94F-E0FB0D337BE0}.Debug|x64.Build.0 = Debug|x64
		{73D8D8F0-CDB3-4962-A94F-E0FB0D337BE0}.Debug|x64.Deploy.0 = Debug|x64
		{73D8D8F0-CDB3-4962-A94F-E0FB0D337BE0}.Debug|x86.ActiveCfg = Debug|x86
		{73D8D8F0-CDB3-4962-A94F-E0FB0D337BE0}.Debug|x86.Build.0 = Debug|x86
		{73D8D8F0-CDB3-4962-A94F-E0FB0D337BE0}.Debug|x86.Deploy.0 = Debug|x86
		{73D8D8F0-CDB3-4962-A94F-E0FB0D337BE0}.Release|Any CPU.ActiveCfg = Release|Any CPU
		{73D8D8F0-CDB3-4962-A94F-E0FB0D337BE0}.Release|Any CPU.Build.0 = Release|Any CPU
		{73D8D8F0-CDB3-4962-A94F-E0FB0D337BE0}.Release|Any CPU.Deploy.0 = Release|Any CPU
		{73D8D8F0-CDB3-4962-A94F-E0FB0D337BE0}.Release|ARM.ActiveCfg = Release|Any CPU
		{73D8D8F0-CDB3-4962-A94F-E0FB0D337BE0}.Release|ARM.Build.0 = Release|Any CPU
		{73D8D8F0-CDB3-4962-A94F-E0FB0D337BE0}.Release|ARM.Deploy.0 = Release|Any CPU
		{73D8D8F0-CDB3-4962-A94F-E0FB0D337BE0}.Release|ARM64.ActiveCfg = Release|Any CPU
		{73D8D8F0-CDB3-4962-A94F-E0FB0D337BE0}.Release|ARM64.Build.0 = Release|Any CPU
		{73D8D8F0-CDB3-4962-A94F-E0FB0D337BE0}.Release|ARM64.Deploy.0 = Release|Any CPU
		{73D8D8F0-CDB3-4962-A94F-E0FB0D337BE0}.Release|x64.ActiveCfg = Release|x64
		{73D8D8F0-CDB3-4962-A94F-E0FB0D337BE0}.Release|x64.Build.0 = Release|x64
		{73D8D8F0-CDB3-4962-A94F-E0FB0D337BE0}.Release|x64.Deploy.0 = Release|x64
		{73D8D8F0-CDB3-4962-A94F-E0FB0D337BE0}.Release|x86.ActiveCfg = Release|x86
		{73D8D8F0-CDB3-4962-A94F-E0FB0D337BE0}.Release|x86.Build.0 = Release|x86
		{73D8D8F0-CDB3-4962-A94F-E0FB0D337BE0}.Release|x86.Deploy.0 = Release|x86
		{06428FB4-40FC-4E6D-AEDA-61038DE08B14}.Debug|Any CPU.ActiveCfg = Debug|x86
		{06428FB4-40FC-4E6D-AEDA-61038DE08B14}.Debug|ARM.ActiveCfg = Debug|ARM
		{06428FB4-40FC-4E6D-AEDA-61038DE08B14}.Debug|ARM.Build.0 = Debug|ARM
		{06428FB4-40FC-4E6D-AEDA-61038DE08B14}.Debug|ARM.Deploy.0 = Debug|ARM
		{06428FB4-40FC-4E6D-AEDA-61038DE08B14}.Debug|ARM64.ActiveCfg = Debug|x86
		{06428FB4-40FC-4E6D-AEDA-61038DE08B14}.Debug|x64.ActiveCfg = Debug|x64
		{06428FB4-40FC-4E6D-AEDA-61038DE08B14}.Debug|x64.Build.0 = Debug|x64
		{06428FB4-40FC-4E6D-AEDA-61038DE08B14}.Debug|x64.Deploy.0 = Debug|x64
		{06428FB4-40FC-4E6D-AEDA-61038DE08B14}.Debug|x86.ActiveCfg = Debug|x86
		{06428FB4-40FC-4E6D-AEDA-61038DE08B14}.Debug|x86.Build.0 = Debug|x86
		{06428FB4-40FC-4E6D-AEDA-61038DE08B14}.Debug|x86.Deploy.0 = Debug|x86
		{06428FB4-40FC-4E6D-AEDA-61038DE08B14}.Release|Any CPU.ActiveCfg = Release|x86
		{06428FB4-40FC-4E6D-AEDA-61038DE08B14}.Release|ARM.ActiveCfg = Release|ARM
		{06428FB4-40FC-4E6D-AEDA-61038DE08B14}.Release|ARM.Build.0 = Release|ARM
		{06428FB4-40FC-4E6D-AEDA-61038DE08B14}.Release|ARM.Deploy.0 = Release|ARM
		{06428FB4-40FC-4E6D-AEDA-61038DE08B14}.Release|ARM64.ActiveCfg = Release|x86
		{06428FB4-40FC-4E6D-AEDA-61038DE08B14}.Release|x64.ActiveCfg = Release|x64
		{06428FB4-40FC-4E6D-AEDA-61038DE08B14}.Release|x64.Build.0 = Release|x64
		{06428FB4-40FC-4E6D-AEDA-61038DE08B14}.Release|x64.Deploy.0 = Release|x64
		{06428FB4-40FC-4E6D-AEDA-61038DE08B14}.Release|x86.ActiveCfg = Release|x86
		{06428FB4-40FC-4E6D-AEDA-61038DE08B14}.Release|x86.Build.0 = Release|x86
		{06428FB4-40FC-4E6D-AEDA-61038DE08B14}.Release|x86.Deploy.0 = Release|x86
		{040B68D5-50BD-4AA4-9B40-3C0238718E8C}.Debug|Any CPU.ActiveCfg = Debug|Any CPU
		{040B68D5-50BD-4AA4-9B40-3C0238718E8C}.Debug|Any CPU.Build.0 = Debug|Any CPU
		{040B68D5-50BD-4AA4-9B40-3C0238718E8C}.Debug|ARM.ActiveCfg = Debug|ARM
		{040B68D5-50BD-4AA4-9B40-3C0238718E8C}.Debug|ARM.Build.0 = Debug|ARM
		{040B68D5-50BD-4AA4-9B40-3C0238718E8C}.Debug|ARM64.ActiveCfg = Debug|ARM64
		{040B68D5-50BD-4AA4-9B40-3C0238718E8C}.Debug|ARM64.Build.0 = Debug|ARM64
		{040B68D5-50BD-4AA4-9B40-3C0238718E8C}.Debug|x64.ActiveCfg = Debug|x64
		{040B68D5-50BD-4AA4-9B40-3C0238718E8C}.Debug|x64.Build.0 = Debug|x64
		{040B68D5-50BD-4AA4-9B40-3C0238718E8C}.Debug|x86.ActiveCfg = Debug|x86
		{040B68D5-50BD-4AA4-9B40-3C0238718E8C}.Debug|x86.Build.0 = Debug|x86
		{040B68D5-50BD-4AA4-9B40-3C0238718E8C}.Release|Any CPU.ActiveCfg = Release|Any CPU
		{040B68D5-50BD-4AA4-9B40-3C0238718E8C}.Release|Any CPU.Build.0 = Release|Any CPU
		{040B68D5-50BD-4AA4-9B40-3C0238718E8C}.Release|ARM.ActiveCfg = Release|ARM
		{040B68D5-50BD-4AA4-9B40-3C0238718E8C}.Release|ARM.Build.0 = Release|ARM
		{040B68D5-50BD-4AA4-9B40-3C0238718E8C}.Release|ARM64.ActiveCfg = Release|ARM64
		{040B68D5-50BD-4AA4-9B40-3C0238718E8C}.Release|ARM64.Build.0 = Release|ARM64
		{040B68D5-50BD-4AA4-9B40-3C0238718E8C}.Release|x64.ActiveCfg = Release|x64
		{040B68D5-50BD-4AA4-9B40-3C0238718E8C}.Release|x64.Build.0 = Release|x64
		{040B68D5-50BD-4AA4-9B40-3C0238718E8C}.Release|x86.ActiveCfg = Release|x86
		{040B68D5-50BD-4AA4-9B40-3C0238718E8C}.Release|x86.Build.0 = Release|x86
	EndGlobalSection
	GlobalSection(SolutionProperties) = preSolution
		HideSolutionNode = FALSE
	EndGlobalSection
	GlobalSection(ExtensibilityGlobals) = postSolution
		SolutionGuid = {A13D78C1-FA76-4073-9C0F-920207EB38E7}
	EndGlobalSection
EndGlobal
